
Microsoft Visual Studio Solution File, Format Version 12.00
# Visual Studio Version 17
VisualStudioVersion = 17.0.31903.59
MinimumVisualStudioVersion = 10.0.40219.1
Project("{FAE04EC0-301F-11D3-BF4B-00C04F79EFBC}") = "API", "API\API.csproj", "{6DE50BF4-88B4-4B70-B2B1-CF02E4A5B20F}"
EndProject
Project("{FAE04EC0-301F-11D3-BF4B-00C04F79EFBC}") = "Application", "Application\Application.csproj", "{126CB064-FB55-4BB9-914F-79479A3FFF18}"
EndProject
Project("{FAE04EC0-301F-11D3-BF4B-00C04F79EFBC}") = "Domain", "Domain\Domain.csproj", "{AB3DF787-0205-44E9-A16F-E24E7898E275}"
EndProject
Project("{FAE04EC0-301F-11D3-BF4B-00C04F79EFBC}") = "Persistence", "Persistence\Persistence.csproj", "{C2CF886D-04FA-4AC7-A5E6-F28A746163A6}"
EndProject
Global
	GlobalSection(SolutionConfigurationPlatforms) = preSolution
		Debug|Any CPU = Debug|Any CPU
		Release|Any CPU = Release|Any CPU
	EndGlobalSection
	GlobalSection(SolutionProperties) = preSolution
		HideSolutionNode = FALSE
	EndGlobalSection
	GlobalSection(ProjectConfigurationPlatforms) = postSolution
		{6DE50BF4-88B4-4B70-B2B1-CF02E4A5B20F}.Debug|Any CPU.ActiveCfg = Debug|Any CPU
		{6DE50BF4-88B4-4B70-B2B1-CF02E4A5B20F}.Debug|Any CPU.Build.0 = Debug|Any CPU
		{6DE50BF4-88B4-4B70-B2B1-CF02E4A5B20F}.Release|Any CPU.ActiveCfg = Release|Any CPU
		{6DE50BF4-88B4-4B70-B2B1-CF02E4A5B20F}.Release|Any CPU.Build.0 = Release|Any CPU
		{126CB064-FB55-4BB9-914F-79479A3FFF18}.Debug|Any CPU.ActiveCfg = Debug|Any CPU
		{126CB064-FB55-4BB9-914F-79479A3FFF18}.Debug|Any CPU.Build.0 = Debug|Any CPU
		{126CB064-FB55-4BB9-914F-79479A3FFF18}.Release|Any CPU.ActiveCfg = Release|Any CPU
		{126CB064-FB55-4BB9-914F-79479A3FFF18}.Release|Any CPU.Build.0 = Release|Any CPU
		{AB3DF787-0205-44E9-A16F-E24E7898E275}.Debug|Any CPU.ActiveCfg = Debug|Any CPU
		{AB3DF787-0205-44E9-A16F-E24E7898E275}.Debug|Any CPU.Build.0 = Debug|Any CPU
		{AB3DF787-0205-44E9-A16F-E24E7898E275}.Release|Any CPU.ActiveCfg = Release|Any CPU
		{AB3DF787-0205-44E9-A16F-E24E7898E275}.Release|Any CPU.Build.0 = Release|Any CPU
		{C2CF886D-04FA-4AC7-A5E6-F28A746163A6}.Debug|Any CPU.ActiveCfg = Debug|Any CPU
		{C2CF886D-04FA-4AC7-A5E6-F28A746163A6}.Debug|Any CPU.Build.0 = Debug|Any CPU
		{C2CF886D-04FA-4AC7-A5E6-F28A746163A6}.Release|Any CPU.ActiveCfg = Release|Any CPU
		{C2CF886D-04FA-4AC7-A5E6-F28A746163A6}.Release|Any CPU.Build.0 = Release|Any CPU
	EndGlobalSection
EndGlobal
